
Microsoft Visual Studio Solution File, Format Version 12.00
# Visual Studio Version 17
VisualStudioVersion = 17.0.31903.59
MinimumVisualStudioVersion = 10.0.40219.1
Project("{F2A71F9B-5D33-465A-A702-920D77279786}") = "AdventOfCode2024", "AdventOfCode2024\AdventOfCode2024.fsproj", "{E01E8782-A350-4FD1-AA38-30AAC1B6FAC3}"
EndProject
Project("{2150E333-8FDC-42A3-9474-1A3956D46DE8}") = ".build", ".build", "{F2B7C96F-A7C1-4E0A-8549-0807F1F37211}"
	ProjectSection(SolutionItems) = preProject
		.editorconfig = .editorconfig
		.gitignore = .gitignore
		paket.dependencies = paket.dependencies
		paket.lock = paket.lock
		README.md = README.md
		LICENSE = LICENSE
	EndProjectSection
EndProject
Project("{2150E333-8FDC-42A3-9474-1A3956D46DE8}") = "Pinicola.FSharp", "Pinicola.FSharp", "{EB72B8C7-0701-472E-8400-4F765AB807AF}"
EndProject
Project("{F2A71F9B-5D33-465A-A702-920D77279786}") = "Pinicola.FSharp", "Pinicola.FSharp\Pinicola.FSharp\Pinicola.FSharp.fsproj", "{31F6FA5E-4EA2-4FCB-9065-163C0DFD8D79}"
EndProject
Project("{F2A71F9B-5D33-465A-A702-920D77279786}") = "Pinicola.FSharp.SpectreConsole", "Pinicola.FSharp\Pinicola.FSharp.SpectreConsole\Pinicola.FSharp.SpectreConsole.fsproj", "{62E86F6B-58F2-46D8-AB2D-8BAFC9AAD5BB}"
EndProject
Global
	GlobalSection(SolutionConfigurationPlatforms) = preSolution
		Debug|Any CPU = Debug|Any CPU
		Release|Any CPU = Release|Any CPU
	EndGlobalSection
	GlobalSection(SolutionProperties) = preSolution
		HideSolutionNode = FALSE
	EndGlobalSection
	GlobalSection(ProjectConfigurationPlatforms) = postSolution
		{E01E8782-A350-4FD1-AA38-30AAC1B6FAC3}.Debug|Any CPU.ActiveCfg = Debug|Any CPU
		{E01E8782-A350-4FD1-AA38-30AAC1B6FAC3}.Debug|Any CPU.Build.0 = Debug|Any CPU
		{E01E8782-A350-4FD1-AA38-30AAC1B6FAC3}.Release|Any CPU.ActiveCfg = Release|Any CPU
		{E01E8782-A350-4FD1-AA38-30AAC1B6FAC3}.Release|Any CPU.Build.0 = Release|Any CPU
		{31F6FA5E-4EA2-4FCB-9065-163C0DFD8D79}.Debug|Any CPU.ActiveCfg = Debug|Any CPU
		{31F6FA5E-4EA2-4FCB-9065-163C0DFD8D79}.Debug|Any CPU.Build.0 = Debug|Any CPU
		{31F6FA5E-4EA2-4FCB-9065-163C0DFD8D79}.Release|Any CPU.ActiveCfg = Release|Any CPU
		{31F6FA5E-4EA2-4FCB-9065-163C0DFD8D79}.Release|Any CPU.Build.0 = Release|Any CPU
		{62E86F6B-58F2-46D8-AB2D-8BAFC9AAD5BB}.Debug|Any CPU.ActiveCfg = Debug|Any CPU
		{62E86F6B-58F2-46D8-AB2D-8BAFC9AAD5BB}.Debug|Any CPU.Build.0 = Debug|Any CPU
		{62E86F6B-58F2-46D8-AB2D-8BAFC9AAD5BB}.Release|Any CPU.ActiveCfg = Release|Any CPU
		{62E86F6B-58F2-46D8-AB2D-8BAFC9AAD5BB}.Release|Any CPU.Build.0 = Release|Any CPU
	EndGlobalSection
	GlobalSection(NestedProjects) = preSolution
		{31F6FA5E-4EA2-4FCB-9065-163C0DFD8D79} = {EB72B8C7-0701-472E-8400-4F765AB807AF}
		{62E86F6B-58F2-46D8-AB2D-8BAFC9AAD5BB} = {EB72B8C7-0701-472E-8400-4F765AB807AF}
	EndGlobalSection
EndGlobal
